<Solution>
  <Project Path="HashTablesProject/HashTablesProject.csproj" Id="ed4dbb93-2428-4a8a-9a15-318088bcaab5" />
  <Project Path="MyBinaryTreeProj/MyBinaryTreeProj.csproj" Id="4fd01fd5-8a80-4b3c-90af-30578fcf1e35" />
  <Project Path="MyLinkedListNode/MyLinkedListLib.csproj" />
  <Project Path="MyQueueProj/MyQueueProj.csproj" Id="e70fdd50-21d1-45e1-bc67-3d567dff9f16" />
  <Project Path="MyStack/MyStackProj.csproj" Id="074b77ec-cce6-49e2-8739-bda522860090" />
  <Project Path="MyStackArray/MyStackArrayProj.csproj" Id="3b25dc80-7f57-4b70-be79-14bf219ffee8" />
  <Project Path="PostfixCalculateProj/PostfixCalculateProj.csproj" Id="bcec386b-cc82-47bb-80c6-d4aebfe9f0e2" />
  <Project Path="TestingDataStructures/ConsoleTesting.csproj" Id="c7080ec9-31de-40d9-b759-804883998201" />
</Solution>
